
Microsoft Visual Studio Solution File, Format Version 12.00
Project("{FAE04EC0-301F-11D3-BF4B-00C04F79EFBC}") = "DesignPatterns", "DesignPatterns\DesignPatterns.csproj", "{D495C5B0-BC08-4508-A6DD-534E7A1D9E55}"
EndProject
Global
	GlobalSection(SolutionConfigurationPlatforms) = preSolution
		Debug|Any CPU = Debug|Any CPU
		Release|Any CPU = Release|Any CPU
	EndGlobalSection
	GlobalSection(ProjectConfigurationPlatforms) = postSolution
		{D495C5B0-BC08-4508-A6DD-534E7A1D9E55}.Debug|Any CPU.ActiveCfg = Debug|Any CPU
		{D495C5B0-BC08-4508-A6DD-534E7A1D9E55}.Debug|Any CPU.Build.0 = Debug|Any CPU
		{D495C5B0-BC08-4508-A6DD-534E7A1D9E55}.Release|Any CPU.ActiveCfg = Release|Any CPU
		{D495C5B0-BC08-4508-A6DD-534E7A1D9E55}.Release|Any CPU.Build.0 = Release|Any CPU
	EndGlobalSection
EndGlobal
